
Microsoft Visual Studio Solution File, Format Version 12.00
# Visual Studio Version 17
VisualStudioVersion = 17.5.002.0
MinimumVisualStudioVersion = 10.0.40219.1
Project("{9A19103F-16F7-4668-BE54-9A1E7A4F7556}") = "CloudStorage.Tests", "CloudStorage.Tests.csproj", "{057FC9D4-AAE6-433C-B5D2-10CB055FA4FF}"
EndProject
Global
	GlobalSection(SolutionConfigurationPlatforms) = preSolution
		Debug|Any CPU = Debug|Any CPU
		Release|Any CPU = Release|Any CPU
	EndGlobalSection
	GlobalSection(ProjectConfigurationPlatforms) = postSolution
		{057FC9D4-AAE6-433C-B5D2-10CB055FA4FF}.Debug|Any CPU.ActiveCfg = Debug|Any CPU
		{057FC9D4-AAE6-433C-B5D2-10CB055FA4FF}.Debug|Any CPU.Build.0 = Debug|Any CPU
		{057FC9D4-AAE6-433C-B5D2-10CB055FA4FF}.Release|Any CPU.ActiveCfg = Release|Any CPU
		{057FC9D4-AAE6-433C-B5D2-10CB055FA4FF}.Release|Any CPU.Build.0 = Release|Any CPU
	EndGlobalSection
	GlobalSection(SolutionProperties) = preSolution
		HideSolutionNode = FALSE
	EndGlobalSection
	GlobalSection(ExtensibilityGlobals) = postSolution
		SolutionGuid = {070F7DAB-E139-493B-8B97-2157723DCA8C}
	EndGlobalSection
EndGlobal
