
Microsoft Visual Studio Solution File, Format Version 12.00
# Visual Studio Version 17
VisualStudioVersion = 17.5.002.0
MinimumVisualStudioVersion = 10.0.40219.1
Project("{9A19103F-16F7-4668-BE54-9A1E7A4F7556}") = "cloud_storage", "cloud_storage.csproj", "{4E9F1A7D-62C1-43C5-88FC-4DC7B20E3B6C}"
EndProject
Global
	GlobalSection(SolutionConfigurationPlatforms) = preSolution
		Debug|Any CPU = Debug|Any CPU
		Release|Any CPU = Release|Any CPU
	EndGlobalSection
	GlobalSection(ProjectConfigurationPlatforms) = postSolution
		{4E9F1A7D-62C1-43C5-88FC-4DC7B20E3B6C}.Debug|Any CPU.ActiveCfg = Debug|Any CPU
		{4E9F1A7D-62C1-43C5-88FC-4DC7B20E3B6C}.Debug|Any CPU.Build.0 = Debug|Any CPU
		{4E9F1A7D-62C1-43C5-88FC-4DC7B20E3B6C}.Release|Any CPU.ActiveCfg = Release|Any CPU
		{4E9F1A7D-62C1-43C5-88FC-4DC7B20E3B6C}.Release|Any CPU.Build.0 = Release|Any CPU
	EndGlobalSection
	GlobalSection(SolutionProperties) = preSolution
		HideSolutionNode = FALSE
	EndGlobalSection
	GlobalSection(ExtensibilityGlobals) = postSolution
		SolutionGuid = {047E5B8D-4ACF-4B22-8C86-AFF908E80A24}
	EndGlobalSection
EndGlobal
